<?xml version="1.0" encoding="utf-8"?>
<Project ToolsVersion="4.0" xmlns="http://schemas.microsoft.com/developer/msbuild/2003">
  <ItemGroup>
    <ClCompile Include="WinMain.cpp" />
    <ClCompile Include="Layer.cpp">
      <Filter>Edit</Filter>
    </ClCompile>
    <ClCompile Include="Editor.cpp" />
    <ClCompile Include="Window.cpp">
      <Filter>Other</Filter>
    </ClCompile>
    <ClCompile Include="Interface.cpp">
      <Filter>Other</Filter>
    </ClCompile>
    <ClCompile Include="Task.cpp">
      <Filter>Task</Filter>
    </ClCompile>
    <ClCompile Include="Mouse.cpp">
      <Filter>Task</Filter>
    </ClCompile>
    <ClCompile Include="Keyboard.cpp">
      <Filter>Task</Filter>
    </ClCompile>
    <ClCompile Include="Desk.cpp">
      <Filter>Edit</Filter>
    </ClCompile>
    <ClCompile Include="Creator.cpp" />
    <ClCompile Include="CursorDesk.cpp" />
  </ItemGroup>
  <ItemGroup>
    <ClInclude Include="resource.h">
      <Filter>Menu</Filter>
    </ClInclude>
    <ClInclude Include="Layer.h">
      <Filter>Edit</Filter>
    </ClInclude>
    <ClInclude Include="Editor.h" />
    <ClInclude Include="Interface.h">
      <Filter>Other</Filter>
    </ClInclude>
    <ClInclude Include="Window.h">
      <Filter>Other</Filter>
    </ClInclude>
    <ClInclude Include="define.h">
      <Filter>Other</Filter>
    </ClInclude>
    <ClInclude Include="Task.h">
      <Filter>Task</Filter>
    </ClInclude>
    <ClInclude Include="Mouse.h">
      <Filter>Task</Filter>
    </ClInclude>
    <ClInclude Include="Keyboard.h">
      <Filter>Task</Filter>
    </ClInclude>
    <ClInclude Include="Desk.h">
      <Filter>Edit</Filter>
    </ClInclude>
    <ClInclude Include="Creator.h" />
    <ClInclude Include="CursorDesk.h" />
  </ItemGroup>
  <ItemGroup>
    <Filter Include="Menu">
      <UniqueIdentifier>{57eb4676-415d-463b-a6ee-e9f453ceb510}</UniqueIdentifier>
    </Filter>
    <Filter Include="Edit">
      <UniqueIdentifier>{4bcc8ae6-0234-4ff5-9266-23ba9f275591}</UniqueIdentifier>
    </Filter>
    <Filter Include="Other">
      <UniqueIdentifier>{054ef56f-06e6-4967-8b89-fe1c0a039b3b}</UniqueIdentifier>
    </Filter>
    <Filter Include="Task">
      <UniqueIdentifier>{aaa769d9-69d5-40ca-af6a-e4241cbb1af7}</UniqueIdentifier>
    </Filter>
  </ItemGroup>
  <ItemGroup>
    <ResourceCompile Include="Menu.rc">
      <Filter>Menu</Filter>
    </ResourceCompile>
  </ItemGroup>
</Project>